
Microsoft Visual Studio Solution File, Format Version 12.00
# Visual Studio 15
VisualStudioVersion = 15.0.28010.2046
MinimumVisualStudioVersion = 10.0.40219.1
Project("{FAE04EC0-301F-11D3-BF4B-00C04F79EFBC}") = "NumberGuesser", "NumberGuesser\NumberGuesser.csproj", "{9C6BE39A-6AAA-4CEF-A9C1-9116AD15209D}"
EndProject
Global
	GlobalSection(SolutionConfigurationPlatforms) = preSolution
		Debug|Any CPU = Debug|Any CPU
		Release|Any CPU = Release|Any CPU
	EndGlobalSection
	GlobalSection(ProjectConfigurationPlatforms) = postSolution
		{9C6BE39A-6AAA-4CEF-A9C1-9116AD15209D}.Debug|Any CPU.ActiveCfg = Debug|Any CPU
		{9C6BE39A-6AAA-4CEF-A9C1-9116AD15209D}.Debug|Any CPU.Build.0 = Debug|Any CPU
		{9C6BE39A-6AAA-4CEF-A9C1-9116AD15209D}.Release|Any CPU.ActiveCfg = Release|Any CPU
		{9C6BE39A-6AAA-4CEF-A9C1-9116AD15209D}.Release|Any CPU.Build.0 = Release|Any CPU
	EndGlobalSection
	GlobalSection(SolutionProperties) = preSolution
		HideSolutionNode = FALSE
	EndGlobalSection
	GlobalSection(ExtensibilityGlobals) = postSolution
		SolutionGuid = {A99516AB-929E-4AEC-854E-DE5802D7F5C7}
	EndGlobalSection
EndGlobal
